
Microsoft Visual Studio Solution File, Format Version 12.00
# Visual Studio 14
VisualStudioVersion = 14.0.23107.0
MinimumVisualStudioVersion = 10.0.40219.1
Project("{FAE04EC0-301F-11D3-BF4B-00C04F79EFBC}") = "AlexaCountryExtractor", "AlexaCountryExtractor\AlexaCountryExtractor.csproj", "{B3318789-2B48-466D-9773-4C88AED134EE}"
EndProject
Project("{FAE04EC0-301F-11D3-BF4B-00C04F79EFBC}") = "UnitTestProject2", "UnitTestProject2\UnitTestProject2.csproj", "{F6EC7B0F-69D3-4617-ABE1-E5867A17316D}"
EndProject
Project("{FAE04EC0-301F-11D3-BF4B-00C04F79EFBC}") = "LinkExtractor", "LinkExtractor\LinkExtractor.csproj", "{7ADAA760-F1D0-40F5-842A-92B37CF01252}"
EndProject
Global
	GlobalSection(SolutionConfigurationPlatforms) = preSolution
		Debug|Any CPU = Debug|Any CPU
		Release|Any CPU = Release|Any CPU
	EndGlobalSection
	GlobalSection(ProjectConfigurationPlatforms) = postSolution
		{B3318789-2B48-466D-9773-4C88AED134EE}.Debug|Any CPU.ActiveCfg = Debug|Any CPU
		{B3318789-2B48-466D-9773-4C88AED134EE}.Debug|Any CPU.Build.0 = Debug|Any CPU
		{B3318789-2B48-466D-9773-4C88AED134EE}.Release|Any CPU.ActiveCfg = Release|Any CPU
		{B3318789-2B48-466D-9773-4C88AED134EE}.Release|Any CPU.Build.0 = Release|Any CPU
		{F6EC7B0F-69D3-4617-ABE1-E5867A17316D}.Debug|Any CPU.ActiveCfg = Debug|Any CPU
		{F6EC7B0F-69D3-4617-ABE1-E5867A17316D}.Debug|Any CPU.Build.0 = Debug|Any CPU
		{F6EC7B0F-69D3-4617-ABE1-E5867A17316D}.Release|Any CPU.ActiveCfg = Release|Any CPU
		{F6EC7B0F-69D3-4617-ABE1-E5867A17316D}.Release|Any CPU.Build.0 = Release|Any CPU
		{7ADAA760-F1D0-40F5-842A-92B37CF01252}.Debug|Any CPU.ActiveCfg = Debug|Any CPU
		{7ADAA760-F1D0-40F5-842A-92B37CF01252}.Debug|Any CPU.Build.0 = Debug|Any CPU
		{7ADAA760-F1D0-40F5-842A-92B37CF01252}.Release|Any CPU.ActiveCfg = Release|Any CPU
		{7ADAA760-F1D0-40F5-842A-92B37CF01252}.Release|Any CPU.Build.0 = Release|Any CPU
	EndGlobalSection
	GlobalSection(SolutionProperties) = preSolution
		HideSolutionNode = FALSE
	EndGlobalSection
EndGlobal
